{
    "_readme": [
        "This file locks the dependencies of your project to a known state",
        "Read more about it at https://getcomposer.org/doc/01-basic-usage.md#composer-lock-the-lock-file",
        "This file is @generated automatically"
    ],
    "hash": "b566559d480367e7b04d58697d62c0f4",
    "content-hash": "64fdf13fb454e277c82b5e042d53d9b4",
    "packages": [
        {
            "name": "uploadcare/uploadcare-php",
            "version": "v1.5.5",
            "source": {
                "type": "git",
                "url": "https://github.com/uploadcare/uploadcare-php.git",
                "reference": "cdbba2adfc6bafd95e6cd99ad20a6fe028cbe47a"
            },
            "dist": {
                "type": "zip",
                "url": "https://api.github.com/repos/uploadcare/uploadcare-php/zipball/cdbba2adfc6bafd95e6cd99ad20a6fe028cbe47a",
                "reference": "cdbba2adfc6bafd95e6cd99ad20a6fe028cbe47a",
                "shasum": ""
            },
            "require": {
                "ext-curl": "*",
                "ext-json": "*",
                "php": ">=5.3"
            },
            "type": "library",
            "autoload": {
                "psr-0": {
                    "Uploadcare": "src"
                }
            },
            "notification-url": "https://packagist.org/downloads/",
            "license": [
                "MIT"
            ],
            "authors": [
                {
                    "name": "Uploadcare, LLC",
                    "email": "hello@uploadcare.com"
                }
            ],
            "description": "Uploadcare API binding for PHP",
            "homepage": "https://uploadcare.com",
            "keywords": [
                "cdn",
                "cloud",
                "files",
                "image management",
                "upload",
                "uploadcare"
            ],
            "time": "2016-05-25 17:22:20"
        }
    ],
    "packages-dev": [],
    "aliases": [],
    "minimum-stability": "stable",
    "stability-flags": [],
    "prefer-stable": false,
    "prefer-lowest": false,
    "platform": {
        "php": "^7.0"
    },
    "platform-dev": []
}
